
Microsoft Visual Studio Solution File, Format Version 12.00
# Visual Studio Version 16
VisualStudioVersion = 16.0.29102.190
MinimumVisualStudioVersion = 10.0.40219.1
Project("{FAE04EC0-301F-11D3-BF4B-00C04F79EFBC}") = "JayGervais_CPRG215_MVC_Lab3", "JayGervais_CPRG215_MVC_Lab3\JayGervais_CPRG215_MVC_Lab3.csproj", "{358BF9A4-C00C-4406-8F8A-4906829734A2}"
EndProject
Global
	GlobalSection(SolutionConfigurationPlatforms) = preSolution
		Debug|Any CPU = Debug|Any CPU
		Release|Any CPU = Release|Any CPU
	EndGlobalSection
	GlobalSection(ProjectConfigurationPlatforms) = postSolution
		{358BF9A4-C00C-4406-8F8A-4906829734A2}.Debug|Any CPU.ActiveCfg = Debug|Any CPU
		{358BF9A4-C00C-4406-8F8A-4906829734A2}.Debug|Any CPU.Build.0 = Debug|Any CPU
		{358BF9A4-C00C-4406-8F8A-4906829734A2}.Release|Any CPU.ActiveCfg = Release|Any CPU
		{358BF9A4-C00C-4406-8F8A-4906829734A2}.Release|Any CPU.Build.0 = Release|Any CPU
	EndGlobalSection
	GlobalSection(SolutionProperties) = preSolution
		HideSolutionNode = FALSE
	EndGlobalSection
	GlobalSection(ExtensibilityGlobals) = postSolution
		SolutionGuid = {87E535D4-29F2-4213-B259-1159D5CF4F38}
	EndGlobalSection
EndGlobal
